
Microsoft Visual Studio Solution File, Format Version 12.00
# Visual Studio Version 16
VisualStudioVersion = 16.0.30621.155
MinimumVisualStudioVersion = 10.0.40219.1
Project("{FAE04EC0-301F-11D3-BF4B-00C04F79EFBC}") = "MobileMVCShope", "MobileMVCShope\MobileMVCShope.csproj", "{FD2D67C3-C349-4A2D-9B35-E809935C76A7}"
EndProject
Global
	GlobalSection(SolutionConfigurationPlatforms) = preSolution
		Debug|Any CPU = Debug|Any CPU
		Release|Any CPU = Release|Any CPU
	EndGlobalSection
	GlobalSection(ProjectConfigurationPlatforms) = postSolution
		{FD2D67C3-C349-4A2D-9B35-E809935C76A7}.Debug|Any CPU.ActiveCfg = Debug|Any CPU
		{FD2D67C3-C349-4A2D-9B35-E809935C76A7}.Debug|Any CPU.Build.0 = Debug|Any CPU
		{FD2D67C3-C349-4A2D-9B35-E809935C76A7}.Release|Any CPU.ActiveCfg = Release|Any CPU
		{FD2D67C3-C349-4A2D-9B35-E809935C76A7}.Release|Any CPU.Build.0 = Release|Any CPU
	EndGlobalSection
	GlobalSection(SolutionProperties) = preSolution
		HideSolutionNode = FALSE
	EndGlobalSection
	GlobalSection(ExtensibilityGlobals) = postSolution
		SolutionGuid = {621116C8-6402-4C19-9BE8-7CD401C66ED1}
	EndGlobalSection
EndGlobal
